<?xml version="1.0" encoding="utf-8"?>
<Project ToolsVersion="4.0" xmlns="http://schemas.microsoft.com/developer/msbuild/2003">
  <ItemGroup>
    <Filter Include="Common">
      <UniqueIdentifier>f43069de-a4c7-4ecd-b181-510bd44cabb7</UniqueIdentifier>
    </Filter>
    <Filter Include="Assets">
      <UniqueIdentifier>afc7aba8-c510-4a99-9f4c-fde0437aabcc</UniqueIdentifier>
      <Extensions>ico;cur;bmp;dds;dlg;fbx;rct;bin;rgs;gif;jpg;jpeg;jpe;resx;tga;tiff;tif;png;wav;mfcribbon-ms</Extensions>
    </Filter>
    <Filter Include="Collider">
      <UniqueIdentifier>{53accbaf-d307-4978-b1c0-3e9a5582c252}</UniqueIdentifier>
    </Filter>
    <Filter Include="GameObject">
      <UniqueIdentifier>{c7939431-2961-4032-a59c-7c7cb728f22e}</UniqueIdentifier>
    </Filter>
    <Filter Include="Manager">
      <UniqueIdentifier>{67c5f01a-cc66-4e1e-8b74-937908eae362}</UniqueIdentifier>
    </Filter>
    <Filter Include="Scene">
      <UniqueIdentifier>{168894e1-6bc2-4b46-ae9c-0a48a85a7e82}</UniqueIdentifier>
    </Filter>
    <Filter Include="UI">
      <UniqueIdentifier>{803e8a7c-17da-4bca-9783-8010a8245b93}</UniqueIdentifier>
    </Filter>
  </ItemGroup>
  <ItemGroup>
    <ClInclude Include="Script\Adx2Le.h" />
    <ClInclude Include="Script\BinaryFile.h" />
    <ClInclude Include="Script\DebugMode.h" />
    <ClInclude Include="Script\Game.h" />
    <ClInclude Include="Script\GameContext.h" />
    <ClInclude Include="Script\GameScene.h" />
    <ClInclude Include="Script\Myeffect.h" />
    <ClInclude Include="Script\pch.h" />
    <ClInclude Include="Script\picojson.h" />
    <ClInclude Include="Script\Projection.h" />
    <ClInclude Include="Script\Utilities.h" />
    <ClInclude Include="Script\View.h" />
    <ClInclude Include="Script\UI\Moji.h">
      <Filter>UI</Filter>
    </ClInclude>
    <ClInclude Include="Script\UI\Reticule.h">
      <Filter>UI</Filter>
    </ClInclude>
    <ClInclude Include="Script\UI\SpecialUI.h">
      <Filter>UI</Filter>
    </ClInclude>
    <ClInclude Include="Script\UI\Font.h">
      <Filter>UI</Filter>
    </ClInclude>
    <ClInclude Include="Script\UI\HPGauge.h">
      <Filter>UI</Filter>
    </ClInclude>
    <ClInclude Include="Script\Scene\PlayScene.h">
      <Filter>Scene</Filter>
    </ClInclude>
    <ClInclude Include="Script\Scene\ResultScene.h">
      <Filter>Scene</Filter>
    </ClInclude>
    <ClInclude Include="Script\Scene\TitleScene.h">
      <Filter>Scene</Filter>
    </ClInclude>
    <ClInclude Include="Script\Manager\CollisionManager.h">
      <Filter>Manager</Filter>
    </ClInclude>
    <ClInclude Include="Script\Manager\EffectManager.h">
      <Filter>Manager</Filter>
    </ClInclude>
    <ClInclude Include="Script\Manager\GameObjectManager.h">
      <Filter>Manager</Filter>
    </ClInclude>
    <ClInclude Include="Script\Manager\GameSceneManager.h">
      <Filter>Manager</Filter>
    </ClInclude>
    <ClInclude Include="Script\Manager\ScoreManager.h">
      <Filter>Manager</Filter>
    </ClInclude>
    <ClInclude Include="Script\GameObject\SideMoveEnemy.h">
      <Filter>GameObject</Filter>
    </ClInclude>
    <ClInclude Include="Script\GameObject\SkyDoom.h">
      <Filter>GameObject</Filter>
    </ClInclude>
    <ClInclude Include="Script\GameObject\TargetCamera.h">
      <Filter>GameObject</Filter>
    </ClInclude>
    <ClInclude Include="Script\GameObject\WaveMoveEnemy.h">
      <Filter>GameObject</Filter>
    </ClInclude>
    <ClInclude Include="Script\GameObject\Bullet.h">
      <Filter>GameObject</Filter>
    </ClInclude>
    <ClInclude Include="Script\GameObject\ChargeShot.h">
      <Filter>GameObject</Filter>
    </ClInclude>
    <ClInclude Include="Script\GameObject\DebugCamera.h">
      <Filter>GameObject</Filter>
    </ClInclude>
    <ClInclude Include="Script\GameObject\EnemyBullet.h">
      <Filter>GameObject</Filter>
    </ClInclude>
    <ClInclude Include="Script\GameObject\EnemyGenerator.h">
      <Filter>GameObject</Filter>
    </ClInclude>
    <ClInclude Include="Script\GameObject\FixedCamera.h">
      <Filter>GameObject</Filter>
    </ClInclude>
    <ClInclude Include="Script\GameObject\GameObject.h">
      <Filter>GameObject</Filter>
    </ClInclude>
    <ClInclude Include="Script\GameObject\GridFloor.h">
      <Filter>GameObject</Filter>
    </ClInclude>
    <ClInclude Include="Script\GameObject\Ground.h">
      <Filter>GameObject</Filter>
    </ClInclude>
    <ClInclude Include="Script\GameObject\NormalEnemy.h">
      <Filter>GameObject</Filter>
    </ClInclude>
    <ClInclude Include="Script\GameObject\Player.h">
      <Filter>GameObject</Filter>
    </ClInclude>
    <ClInclude Include="Script\GameObject\PseudoObject.h">
      <Filter>GameObject</Filter>
    </ClInclude>
    <ClInclude Include="Script\Collider\BoxCollider.h">
      <Filter>Collider</Filter>
    </ClInclude>
    <ClInclude Include="Script\Collider\Collider.h">
      <Filter>Collider</Filter>
    </ClInclude>
    <ClInclude Include="Script\Collider\SphereCollider.h">
      <Filter>Collider</Filter>
    </ClInclude>
    <ClInclude Include="Script\DeviceResources.h">
      <Filter>Common</Filter>
    </ClInclude>
    <ClInclude Include="Script\StepTimer.h">
      <Filter>Common</Filter>
    </ClInclude>
    <ClInclude Include="Script\GameObject\ChargeUI.h">
      <Filter>UI</Filter>
    </ClInclude>
  </ItemGroup>
  <ItemGroup>
    <ClCompile Include="Script\Adx2Le.cpp" />
    <ClCompile Include="Script\BinaryFile.cpp" />
    <ClCompile Include="Script\DebugMode.cpp" />
    <ClCompile Include="Script\Game.cpp" />
    <ClCompile Include="Script\Main.cpp" />
    <ClCompile Include="Script\MyEffect.cpp" />
    <ClCompile Include="Script\pch.cpp" />
    <ClCompile Include="Script\Utilities.cpp" />
    <ClCompile Include="Script\UI\Reticule.cpp">
      <Filter>UI</Filter>
    </ClCompile>
    <ClCompile Include="Script\UI\SpecialUI.cpp">
      <Filter>UI</Filter>
    </ClCompile>
    <ClCompile Include="Script\UI\Font.cpp">
      <Filter>UI</Filter>
    </ClCompile>
    <ClCompile Include="Script\UI\HPGauge.cpp">
      <Filter>UI</Filter>
    </ClCompile>
    <ClCompile Include="Script\UI\Moji.cpp">
      <Filter>UI</Filter>
    </ClCompile>
    <ClCompile Include="Script\Scene\PlayScene.cpp">
      <Filter>Scene</Filter>
    </ClCompile>
    <ClCompile Include="Script\Scene\ResultScene.cpp">
      <Filter>Scene</Filter>
    </ClCompile>
    <ClCompile Include="Script\Scene\TitleScene.cpp">
      <Filter>Scene</Filter>
    </ClCompile>
    <ClCompile Include="Script\Manager\CollisionManager.cpp">
      <Filter>Manager</Filter>
    </ClCompile>
    <ClCompile Include="Script\Manager\EffectManager.cpp">
      <Filter>Manager</Filter>
    </ClCompile>
    <ClCompile Include="Script\Manager\GameObjectManager.cpp">
      <Filter>Manager</Filter>
    </ClCompile>
    <ClCompile Include="Script\Manager\GameSceneManager.cpp">
      <Filter>Manager</Filter>
    </ClCompile>
    <ClCompile Include="Script\Manager\ScoreManager.cpp">
      <Filter>Manager</Filter>
    </ClCompile>
    <ClCompile Include="Script\GameObject\SkyDoom.cpp">
      <Filter>GameObject</Filter>
    </ClCompile>
    <ClCompile Include="Script\GameObject\TargetCamera.cpp">
      <Filter>GameObject</Filter>
    </ClCompile>
    <ClCompile Include="Script\GameObject\WaveMoveEnemy.cpp">
      <Filter>GameObject</Filter>
    </ClCompile>
    <ClCompile Include="Script\GameObject\Bullet.cpp">
      <Filter>GameObject</Filter>
    </ClCompile>
    <ClCompile Include="Script\GameObject\ChargeShot.cpp">
      <Filter>GameObject</Filter>
    </ClCompile>
    <ClCompile Include="Script\GameObject\DebugCamera.cpp">
      <Filter>GameObject</Filter>
    </ClCompile>
    <ClCompile Include="Script\GameObject\EnemyBullet.cpp">
      <Filter>GameObject</Filter>
    </ClCompile>
    <ClCompile Include="Script\GameObject\EnemyGenerator.cpp">
      <Filter>GameObject</Filter>
    </ClCompile>
    <ClCompile Include="Script\GameObject\FixedCamera.cpp">
      <Filter>GameObject</Filter>
    </ClCompile>
    <ClCompile Include="Script\GameObject\GameObject.cpp">
      <Filter>GameObject</Filter>
    </ClCompile>
    <ClCompile Include="Script\GameObject\GridFloor.cpp">
      <Filter>GameObject</Filter>
    </ClCompile>
    <ClCompile Include="Script\GameObject\Ground.cpp">
      <Filter>GameObject</Filter>
    </ClCompile>
    <ClCompile Include="Script\GameObject\NormalEnemy.cpp">
      <Filter>GameObject</Filter>
    </ClCompile>
    <ClCompile Include="Script\GameObject\Player.cpp">
      <Filter>GameObject</Filter>
    </ClCompile>
    <ClCompile Include="Script\GameObject\PseudoObject.cpp">
      <Filter>GameObject</Filter>
    </ClCompile>
    <ClCompile Include="Script\GameObject\SideMoveEnemy.cpp">
      <Filter>GameObject</Filter>
    </ClCompile>
    <ClCompile Include="Script\Collider\BoxCollider.cpp">
      <Filter>Collider</Filter>
    </ClCompile>
    <ClCompile Include="Script\Collider\Collider.cpp">
      <Filter>Collider</Filter>
    </ClCompile>
    <ClCompile Include="Script\Collider\SphereCollider.cpp">
      <Filter>Collider</Filter>
    </ClCompile>
    <ClCompile Include="Script\DeviceResources.cpp">
      <Filter>Common</Filter>
    </ClCompile>
    <ClCompile Include="Script\GameObject\ChargeUI.cpp">
      <Filter>UI</Filter>
    </ClCompile>
  </ItemGroup>
  <ItemGroup>
    <Image Include="directx.ico">
      <Filter>Assets</Filter>
    </Image>
  </ItemGroup>
  <ItemGroup>
    <Manifest Include="settings.manifest">
      <Filter>Assets</Filter>
    </Manifest>
  </ItemGroup>
  <ItemGroup>
    <MeshContentTask Include="Resources\FBX\aircraft.FBX">
      <Filter>Assets</Filter>
    </MeshContentTask>
    <MeshContentTask Include="Resources\FBX\Enemy.FBX">
      <Filter>Assets</Filter>
    </MeshContentTask>
    <MeshContentTask Include="Resources\FBX\Sea.FBX">
      <Filter>Assets</Filter>
    </MeshContentTask>
    <MeshContentTask Include="Resources\FBX\SkyDoom.FBX">
      <Filter>Assets</Filter>
    </MeshContentTask>
  </ItemGroup>
</Project>